
Microsoft Visual Studio Solution File, Format Version 12.00
# Visual Studio Version 17
VisualStudioVersion = 17.5.33530.505
MinimumVisualStudioVersion = 10.0.40219.1
Project("{FAE04EC0-301F-11D3-BF4B-00C04F79EFBC}") = "WebApplication1", "WebApplication1\WebApplication1.csproj", "{71C25578-E1AE-41CA-9852-2761968DFBC9}"
EndProject
Global
	GlobalSection(SolutionConfigurationPlatforms) = preSolution
		Debug|Any CPU = Debug|Any CPU
		Release|Any CPU = Release|Any CPU
	EndGlobalSection
	GlobalSection(ProjectConfigurationPlatforms) = postSolution
		{71C25578-E1AE-41CA-9852-2761968DFBC9}.Debug|Any CPU.ActiveCfg = Debug|Any CPU
		{71C25578-E1AE-41CA-9852-2761968DFBC9}.Debug|Any CPU.Build.0 = Debug|Any CPU
		{71C25578-E1AE-41CA-9852-2761968DFBC9}.Release|Any CPU.ActiveCfg = Release|Any CPU
		{71C25578-E1AE-41CA-9852-2761968DFBC9}.Release|Any CPU.Build.0 = Release|Any CPU
	EndGlobalSection
	GlobalSection(SolutionProperties) = preSolution
		HideSolutionNode = FALSE
	EndGlobalSection
	GlobalSection(ExtensibilityGlobals) = postSolution
		SolutionGuid = {327A968B-847B-46FD-A741-4D0A6B1CCA6A}
	EndGlobalSection
EndGlobal
